
Microsoft Visual Studio Solution File, Format Version 12.00
# Visual Studio Version 17
VisualStudioVersion = 17.1.32210.238
MinimumVisualStudioVersion = 10.0.40219.1
Project("{FAE04EC0-301F-11D3-BF4B-00C04F79EFBC}") = "BinarySearchTree", "BinarySearchTree\BinarySearchTree.csproj", "{4290F4F3-9BFE-49BF-8138-6845621D06DC}"
EndProject
Global
	GlobalSection(SolutionConfigurationPlatforms) = preSolution
		Debug|Any CPU = Debug|Any CPU
		Release|Any CPU = Release|Any CPU
	EndGlobalSection
	GlobalSection(ProjectConfigurationPlatforms) = postSolution
		{4290F4F3-9BFE-49BF-8138-6845621D06DC}.Debug|Any CPU.ActiveCfg = Debug|Any CPU
		{4290F4F3-9BFE-49BF-8138-6845621D06DC}.Debug|Any CPU.Build.0 = Debug|Any CPU
		{4290F4F3-9BFE-49BF-8138-6845621D06DC}.Release|Any CPU.ActiveCfg = Release|Any CPU
		{4290F4F3-9BFE-49BF-8138-6845621D06DC}.Release|Any CPU.Build.0 = Release|Any CPU
	EndGlobalSection
	GlobalSection(SolutionProperties) = preSolution
		HideSolutionNode = FALSE
	EndGlobalSection
	GlobalSection(ExtensibilityGlobals) = postSolution
		SolutionGuid = {ED10D549-AE5D-4B2D-8C3B-D916B5626C9C}
	EndGlobalSection
EndGlobal
